
Microsoft Visual Studio Solution File, Format Version 12.00
Project("{2150E333-8FDC-42A3-9474-1A3956D46DE8}") = "Bootstrapper", "Bootstrapper", "{ADECF1EB-6D02-4983-B19A-C442D70B9AE0}"
EndProject
Project("{2150E333-8FDC-42A3-9474-1A3956D46DE8}") = "Modules", "Modules", "{F9BB09D7-9B8E-454E-9197-49496C7F3A62}"
EndProject
Project("{2150E333-8FDC-42A3-9474-1A3956D46DE8}") = "Shared", "Shared", "{BBB9555A-4E77-4483-899E-8DB643D3198F}"
EndProject
Project("{FAE04EC0-301F-11D3-BF4B-00C04F79EFBC}") = "Api", "Api\Api.csproj", "{2FDAAB69-4221-4DF3-BE12-01796ACB7D7D}"
EndProject
Project("{2150E333-8FDC-42A3-9474-1A3956D46DE8}") = "Basket", "Basket", "{98F6995D-5032-492D-9E51-6EFD55D0F668}"
EndProject
Project("{2150E333-8FDC-42A3-9474-1A3956D46DE8}") = "Catalog", "Catalog", "{27489D8A-8B17-4136-BD61-B5918FE3E753}"
EndProject
Project("{2150E333-8FDC-42A3-9474-1A3956D46DE8}") = "Ordering", "Ordering", "{91E50FE2-98E4-43CC-AC53-9C11501889E0}"
EndProject
Project("{FAE04EC0-301F-11D3-BF4B-00C04F79EFBC}") = "Basket", "Basket\Basket.csproj", "{9EF3133D-E9D1-41DF-A741-8AB0E4D66BC5}"
EndProject
Project("{FAE04EC0-301F-11D3-BF4B-00C04F79EFBC}") = "Catalog", "Catalog\Catalog.csproj", "{DD476673-4524-4034-9290-2708247CF417}"
EndProject
Project("{FAE04EC0-301F-11D3-BF4B-00C04F79EFBC}") = "Ordering", "Ordering\Ordering.csproj", "{420D388D-282E-47AA-BF13-551BE091C222}"
EndProject
Project("{FAE04EC0-301F-11D3-BF4B-00C04F79EFBC}") = "Shared", "Shared\Shared.csproj", "{B20BBCCC-535D-4D1B-9DE3-B3AC627B8F00}"
EndProject
Global
	GlobalSection(SolutionConfigurationPlatforms) = preSolution
		Debug|Any CPU = Debug|Any CPU
		Release|Any CPU = Release|Any CPU
	EndGlobalSection
	GlobalSection(NestedProjects) = preSolution
		{2FDAAB69-4221-4DF3-BE12-01796ACB7D7D} = {ADECF1EB-6D02-4983-B19A-C442D70B9AE0}
		{98F6995D-5032-492D-9E51-6EFD55D0F668} = {F9BB09D7-9B8E-454E-9197-49496C7F3A62}
		{27489D8A-8B17-4136-BD61-B5918FE3E753} = {F9BB09D7-9B8E-454E-9197-49496C7F3A62}
		{91E50FE2-98E4-43CC-AC53-9C11501889E0} = {F9BB09D7-9B8E-454E-9197-49496C7F3A62}
		{9EF3133D-E9D1-41DF-A741-8AB0E4D66BC5} = {98F6995D-5032-492D-9E51-6EFD55D0F668}
		{DD476673-4524-4034-9290-2708247CF417} = {27489D8A-8B17-4136-BD61-B5918FE3E753}
		{420D388D-282E-47AA-BF13-551BE091C222} = {91E50FE2-98E4-43CC-AC53-9C11501889E0}
		{B20BBCCC-535D-4D1B-9DE3-B3AC627B8F00} = {BBB9555A-4E77-4483-899E-8DB643D3198F}
	EndGlobalSection
	GlobalSection(ProjectConfigurationPlatforms) = postSolution
		{2FDAAB69-4221-4DF3-BE12-01796ACB7D7D}.Debug|Any CPU.ActiveCfg = Debug|Any CPU
		{2FDAAB69-4221-4DF3-BE12-01796ACB7D7D}.Debug|Any CPU.Build.0 = Debug|Any CPU
		{2FDAAB69-4221-4DF3-BE12-01796ACB7D7D}.Release|Any CPU.ActiveCfg = Release|Any CPU
		{2FDAAB69-4221-4DF3-BE12-01796ACB7D7D}.Release|Any CPU.Build.0 = Release|Any CPU
		{9EF3133D-E9D1-41DF-A741-8AB0E4D66BC5}.Debug|Any CPU.ActiveCfg = Debug|Any CPU
		{9EF3133D-E9D1-41DF-A741-8AB0E4D66BC5}.Debug|Any CPU.Build.0 = Debug|Any CPU
		{9EF3133D-E9D1-41DF-A741-8AB0E4D66BC5}.Release|Any CPU.ActiveCfg = Release|Any CPU
		{9EF3133D-E9D1-41DF-A741-8AB0E4D66BC5}.Release|Any CPU.Build.0 = Release|Any CPU
		{DD476673-4524-4034-9290-2708247CF417}.Debug|Any CPU.ActiveCfg = Debug|Any CPU
		{DD476673-4524-4034-9290-2708247CF417}.Debug|Any CPU.Build.0 = Debug|Any CPU
		{DD476673-4524-4034-9290-2708247CF417}.Release|Any CPU.ActiveCfg = Release|Any CPU
		{DD476673-4524-4034-9290-2708247CF417}.Release|Any CPU.Build.0 = Release|Any CPU
		{420D388D-282E-47AA-BF13-551BE091C222}.Debug|Any CPU.ActiveCfg = Debug|Any CPU
		{420D388D-282E-47AA-BF13-551BE091C222}.Debug|Any CPU.Build.0 = Debug|Any CPU
		{420D388D-282E-47AA-BF13-551BE091C222}.Release|Any CPU.ActiveCfg = Release|Any CPU
		{420D388D-282E-47AA-BF13-551BE091C222}.Release|Any CPU.Build.0 = Release|Any CPU
		{B20BBCCC-535D-4D1B-9DE3-B3AC627B8F00}.Debug|Any CPU.ActiveCfg = Debug|Any CPU
		{B20BBCCC-535D-4D1B-9DE3-B3AC627B8F00}.Debug|Any CPU.Build.0 = Debug|Any CPU
		{B20BBCCC-535D-4D1B-9DE3-B3AC627B8F00}.Release|Any CPU.ActiveCfg = Release|Any CPU
		{B20BBCCC-535D-4D1B-9DE3-B3AC627B8F00}.Release|Any CPU.Build.0 = Release|Any CPU
	EndGlobalSection
EndGlobal
